// !$*UTF8*$!
{
	archiveVersion = 1;
	classes = {
	};
	objectVersion = 52;
	objects = {

/* Begin PBXBuildFile section */
		4AF6188D1AF1C83A335FBEA3 /* libPods-church.a in Frameworks */ = {isa = PBXBuildFile; fileRef = 8EC460AAF0C237D6EBF3BED0 /* libPods-church.a */; };
		8E0FAD7925D5A0DF0068278F /* DashboardView.swift in Sources */ = {isa = PBXBuildFile; fileRef = 8E0FAD7825D5A0DF0068278F /* DashboardView.swift */; };
		8E8A1ACA25D8B21C00A09762 /* Introspect in Frameworks */ = {isa = PBXBuildFile; productRef = 8E8A1AC925D8B21C00A09762 /* Introspect */; };
		8E8A1ADA25DAF79300A09762 /* SwiftUICharts in Frameworks */ = {isa = PBXBuildFile; productRef = 8E8A1AD925DAF79300A09762 /* SwiftUICharts */; };
		8EC0E1B625CCCA4C004E81C2 /* churchApp.swift in Sources */ = {isa = PBXBuildFile; fileRef = 8EC0E1B525CCCA4C004E81C2 /* churchApp.swift */; };
		8EC0E1B825CCCA4C004E81C2 /* ContentView.swift in Sources */ = {isa = PBXBuildFile; fileRef = 8EC0E1B725CCCA4C004E81C2 /* ContentView.swift */; };
		8EC0E1BA25CCCA4E004E81C2 /* Assets.xcassets in Resources */ = {isa = PBXBuildFile; fileRef = 8EC0E1B925CCCA4E004E81C2 /* Assets.xcassets */; };
		8EC0E1BD25CCCA4E004E81C2 /* Preview Assets.xcassets in Resources */ = {isa = PBXBuildFile; fileRef = 8EC0E1BC25CCCA4E004E81C2 /* Preview Assets.xcassets */; };
		8EC0E1D325CCCB7E004E81C2 /* ChurchesView.swift in Sources */ = {isa = PBXBuildFile; fileRef = 8EC0E1D225CCCB7E004E81C2 /* ChurchesView.swift */; };
		8EC0E1D825CCCBB8004E81C2 /* CellsView.swift in Sources */ = {isa = PBXBuildFile; fileRef = 8EC0E1D725CCCBB8004E81C2 /* CellsView.swift */; };
		8EC0E1DB25CCCBCE004E81C2 /* ReportsView.swift in Sources */ = {isa = PBXBuildFile; fileRef = 8EC0E1DA25CCCBCE004E81C2 /* ReportsView.swift */; };
		8EC0E1DE25CCCBEA004E81C2 /* InsightsView.swift in Sources */ = {isa = PBXBuildFile; fileRef = 8EC0E1DD25CCCBEA004E81C2 /* InsightsView.swift */; };
		8EC0E1E125CD7837004E81C2 /* LoginView.swift in Sources */ = {isa = PBXBuildFile; fileRef = 8EC0E1E025CD7837004E81C2 /* LoginView.swift */; };
/* End PBXBuildFile section */

/* Begin PBXFileReference section */
		1E34D7CEC922DB08DEED01DF /* Pods-church.release.xcconfig */ = {isa = PBXFileReference; includeInIndex = 1; lastKnownFileType = text.xcconfig; name = "Pods-church.release.xcconfig"; path = "Target Support Files/Pods-church/Pods-church.release.xcconfig"; sourceTree = "<group>"; };
		8E0FAD7825D5A0DF0068278F /* DashboardView.swift */ = {isa = PBXFileReference; lastKnownFileType = sourcecode.swift; path = DashboardView.swift; sourceTree = "<group>"; };
		8E8A1AD225DA0BFD00A09762 /* BarChartKit.xcframework.zip */ = {isa = PBXFileReference; lastKnownFileType = archive.zip; name = BarChartKit.xcframework.zip; path = ../../Downloads/BarChartKit.xcframework.zip; sourceTree = "<group>"; };
		8E8A1AD325DA0C4400A09762 /* BarChartKit.xcframework */ = {isa = PBXFileReference; lastKnownFileType = wrapper.xcframework; name = BarChartKit.xcframework; path = ../../Downloads/artifacts/BarChartKit.xcframework; sourceTree = "<group>"; };
		8EC0E1B225CCCA4C004E81C2 /* church.app */ = {isa = PBXFileReference; explicitFileType = wrapper.application; includeInIndex = 0; path = church.app; sourceTree = BUILT_PRODUCTS_DIR; };
		8EC0E1B525CCCA4C004E81C2 /* churchApp.swift */ = {isa = PBXFileReference; lastKnownFileType = sourcecode.swift; path = churchApp.swift; sourceTree = "<group>"; };
		8EC0E1B725CCCA4C004E81C2 /* ContentView.swift */ = {isa = PBXFileReference; lastKnownFileType = sourcecode.swift; path = ContentView.swift; sourceTree = "<group>"; };
		8EC0E1B925CCCA4E004E81C2 /* Assets.xcassets */ = {isa = PBXFileReference; lastKnownFileType = folder.assetcatalog; path = Assets.xcassets; sourceTree = "<group>"; };
		8EC0E1BC25CCCA4E004E81C2 /* Preview Assets.xcassets */ = {isa = PBXFileReference; lastKnownFileType = folder.assetcatalog; path = "Preview Assets.xcassets"; sourceTree = "<group>"; };
		8EC0E1BE25CCCA4E004E81C2 /* Info.plist */ = {isa = PBXFileReference; lastKnownFileType = text.plist.xml; path = Info.plist; sourceTree = "<group>"; };
		8EC0E1D225CCCB7E004E81C2 /* ChurchesView.swift */ = {isa = PBXFileReference; lastKnownFileType = sourcecode.swift; path = ChurchesView.swift; sourceTree = "<group>"; };
		8EC0E1D725CCCBB8004E81C2 /* CellsView.swift */ = {isa = PBXFileReference; lastKnownFileType = sourcecode.swift; path = CellsView.swift; sourceTree = "<group>"; };
		8EC0E1DA25CCCBCE004E81C2 /* ReportsView.swift */ = {isa = PBXFileReference; lastKnownFileType = sourcecode.swift; path = ReportsView.swift; sourceTree = "<group>"; };
		8EC0E1DD25CCCBEA004E81C2 /* InsightsView.swift */ = {isa = PBXFileReference; lastKnownFileType = sourcecode.swift; path = InsightsView.swift; sourceTree = "<group>"; };
		8EC0E1E025CD7837004E81C2 /* LoginView.swift */ = {isa = PBXFileReference; lastKnownFileType = sourcecode.swift; path = LoginView.swift; sourceTree = "<group>"; };
		8EC460AAF0C237D6EBF3BED0 /* libPods-church.a */ = {isa = PBXFileReference; explicitFileType = archive.ar; includeInIndex = 0; path = "libPods-church.a"; sourceTree = BUILT_PRODUCTS_DIR; };
		FB548C6AC9FF2054ED97374C /* Pods-church.debug.xcconfig */ = {isa = PBXFileReference; includeInIndex = 1; lastKnownFileType = text.xcconfig; name = "Pods-church.debug.xcconfig"; path = "Target Support Files/Pods-church/Pods-church.debug.xcconfig"; sourceTree = "<group>"; };
/* End PBXFileReference section */

/* Begin PBXFrameworksBuildPhase section */
		8EC0E1AF25CCCA4C004E81C2 /* Frameworks */ = {
			isa = PBXFrameworksBuildPhase;
			buildActionMask = 2147483647;
			files = (
				8E8A1ADA25DAF79300A09762 /* SwiftUICharts in Frameworks */,
				4AF6188D1AF1C83A335FBEA3 /* libPods-church.a in Frameworks */,
				8E8A1ACA25D8B21C00A09762 /* Introspect in Frameworks */,
			);
			runOnlyForDeploymentPostprocessing = 0;
		};
/* End PBXFrameworksBuildPhase section */

/* Begin PBXGroup section */
		436E5B5A1B0B5E9D54D28D49 /* Pods */ = {
			isa = PBXGroup;
			children = (
				FB548C6AC9FF2054ED97374C /* Pods-church.debug.xcconfig */,
				1E34D7CEC922DB08DEED01DF /* Pods-church.release.xcconfig */,
			);
			path = Pods;
			sourceTree = "<group>";
		};
		8EC0E1A925CCCA4C004E81C2 = {
			isa = PBXGroup;
			children = (
				8EC0E1B425CCCA4C004E81C2 /* church */,
				8EC0E1B325CCCA4C004E81C2 /* Products */,
				436E5B5A1B0B5E9D54D28D49 /* Pods */,
				BD09823EFF4C6E59E6B17EE8 /* Frameworks */,
			);
			sourceTree = "<group>";
		};
		8EC0E1B325CCCA4C004E81C2 /* Products */ = {
			isa = PBXGroup;
			children = (
				8EC0E1B225CCCA4C004E81C2 /* church.app */,
			);
			name = Products;
			sourceTree = "<group>";
		};
		8EC0E1B425CCCA4C004E81C2 /* church */ = {
			isa = PBXGroup;
			children = (
				8EC0E1B525CCCA4C004E81C2 /* churchApp.swift */,
				8EC0E1B725CCCA4C004E81C2 /* ContentView.swift */,
				8EC0E1B925CCCA4E004E81C2 /* Assets.xcassets */,
				8EC0E1BE25CCCA4E004E81C2 /* Info.plist */,
				8EC0E1BB25CCCA4E004E81C2 /* Preview Content */,
				8EC0E1D225CCCB7E004E81C2 /* ChurchesView.swift */,
				8EC0E1D725CCCBB8004E81C2 /* CellsView.swift */,
				8EC0E1DA25CCCBCE004E81C2 /* ReportsView.swift */,
				8EC0E1DD25CCCBEA004E81C2 /* InsightsView.swift */,
				8EC0E1E025CD7837004E81C2 /* LoginView.swift */,
				8E0FAD7825D5A0DF0068278F /* DashboardView.swift */,
			);
			path = church;
			sourceTree = "<group>";
		};
		8EC0E1BB25CCCA4E004E81C2 /* Preview Content */ = {
			isa = PBXGroup;
			children = (
				8EC0E1BC25CCCA4E004E81C2 /* Preview Assets.xcassets */,
			);
			path = "Preview Content";
			sourceTree = "<group>";
		};
		BD09823EFF4C6E59E6B17EE8 /* Frameworks */ = {
			isa = PBXGroup;
			children = (
				8E8A1AD325DA0C4400A09762 /* BarChartKit.xcframework */,
				8E8A1AD225DA0BFD00A09762 /* BarChartKit.xcframework.zip */,
				8EC460AAF0C237D6EBF3BED0 /* libPods-church.a */,
			);
			name = Frameworks;
			sourceTree = "<group>";
		};
/* End PBXGroup section */

/* Begin PBXNativeTarget section */
		8EC0E1B125CCCA4C004E81C2 /* church */ = {
			isa = PBXNativeTarget;
			buildConfigurationList = 8EC0E1C125CCCA4E004E81C2 /* Build configuration list for PBXNativeTarget "church" */;
			buildPhases = (
				AA1A133128AEE4397D7980D1 /* [CP] Check Pods Manifest.lock */,
				8EC0E1AE25CCCA4C004E81C2 /* Sources */,
				8EC0E1AF25CCCA4C004E81C2 /* Frameworks */,
				8EC0E1B025CCCA4C004E81C2 /* Resources */,
			);
			buildRules = (
			);
			dependencies = (
			);
			name = church;
			packageProductDependencies = (
				8E8A1AC925D8B21C00A09762 /* Introspect */,
				8E8A1AD925DAF79300A09762 /* SwiftUICharts */,
			);
			productName = church;
			productReference = 8EC0E1B225CCCA4C004E81C2 /* church.app */;
			productType = "com.apple.product-type.application";
		};
/* End PBXNativeTarget section */

/* Begin PBXProject section */
		8EC0E1AA25CCCA4C004E81C2 /* Project object */ = {
			isa = PBXProject;
			attributes = {
				LastSwiftUpdateCheck = 1200;
				LastUpgradeCheck = 1200;
				TargetAttributes = {
					8EC0E1B125CCCA4C004E81C2 = {
						CreatedOnToolsVersion = 12.0.1;
					};
				};
			};
			buildConfigurationList = 8EC0E1AD25CCCA4C004E81C2 /* Build configuration list for PBXProject "church" */;
			compatibilityVersion = "Xcode 9.3";
			developmentRegion = en;
			hasScannedForEncodings = 0;
			knownRegions = (
				en,
				Base,
			);
			mainGroup = 8EC0E1A925CCCA4C004E81C2;
			packageReferences = (
				8E8A1AC825D8B21B00A09762 /* XCRemoteSwiftPackageReference "SwiftUI-Introspect" */,
				8E8A1AD825DAF79300A09762 /* XCRemoteSwiftPackageReference "ChartView" */,
			);
			productRefGroup = 8EC0E1B325CCCA4C004E81C2 /* Products */;
			projectDirPath = "";
			projectRoot = "";
			targets = (
				8EC0E1B125CCCA4C004E81C2 /* church */,
			);
		};
/* End PBXProject section */

/* Begin PBXResourcesBuildPhase section */
		8EC0E1B025CCCA4C004E81C2 /* Resources */ = {
			isa = PBXResourcesBuildPhase;
			buildActionMask = 2147483647;
			files = (
				8EC0E1BD25CCCA4E004E81C2 /* Preview Assets.xcassets in Resources */,
				8EC0E1BA25CCCA4E004E81C2 /* Assets.xcassets in Resources */,
			);
			runOnlyForDeploymentPostprocessing = 0;
		};
/* End PBXResourcesBuildPhase section */

/* Begin PBXShellScriptBuildPhase section */
		AA1A133128AEE4397D7980D1 /* [CP] Check Pods Manifest.lock */ = {
			isa = PBXShellScriptBuildPhase;
			buildActionMask = 2147483647;
			files = (
			);
			inputFileListPaths = (
			);
			inputPaths = (
				"${PODS_PODFILE_DIR_PATH}/Podfile.lock",
				"${PODS_ROOT}/Manifest.lock",
			);
			name = "[CP] Check Pods Manifest.lock";
			outputFileListPaths = (
			);
			outputPaths = (
				"$(DERIVED_FILE_DIR)/Pods-church-checkManifestLockResult.txt",
			);
			runOnlyForDeploymentPostprocessing = 0;
			shellPath = /bin/sh;
			shellScript = "diff \"${PODS_PODFILE_DIR_PATH}/Podfile.lock\" \"${PODS_ROOT}/Manifest.lock\" > /dev/null\nif [ $? != 0 ] ; then\n    # print error to STDERR\n    echo \"error: The sandbox is not in sync with the Podfile.lock. Run 'pod install' or update your CocoaPods installation.\" >&2\n    exit 1\nfi\n# This output is used by Xcode 'outputs' to avoid re-running this script phase.\necho \"SUCCESS\" > \"${SCRIPT_OUTPUT_FILE_0}\"\n";
			showEnvVarsInLog = 0;
		};
/* End PBXShellScriptBuildPhase section */

/* Begin PBXSourcesBuildPhase section */
		8EC0E1AE25CCCA4C004E81C2 /* Sources */ = {
			isa = PBXSourcesBuildPhase;
			buildActionMask = 2147483647;
			files = (
				8EC0E1D825CCCBB8004E81C2 /* CellsView.swift in Sources */,
				8E0FAD7925D5A0DF0068278F /* DashboardView.swift in Sources */,
				8EC0E1E125CD7837004E81C2 /* LoginView.swift in Sources */,
				8EC0E1DB25CCCBCE004E81C2 /* ReportsView.swift in Sources */,
				8EC0E1D325CCCB7E004E81C2 /* ChurchesView.swift in Sources */,
				8EC0E1DE25CCCBEA004E81C2 /* InsightsView.swift in Sources */,
				8EC0E1B825CCCA4C004E81C2 /* ContentView.swift in Sources */,
				8EC0E1B625CCCA4C004E81C2 /* churchApp.swift in Sources */,
			);
			runOnlyForDeploymentPostprocessing = 0;
		};
/* End PBXSourcesBuildPhase section */

/* Begin XCBuildConfiguration section */
		8EC0E1BF25CCCA4E004E81C2 /* Debug */ = {
			isa = XCBuildConfiguration;
			buildSettings = {
				ALWAYS_SEARCH_USER_PATHS = NO;
				CLANG_ANALYZER_NONNULL = YES;
				CLANG_ANALYZER_NUMBER_OBJECT_CONVERSION = YES_AGGRESSIVE;
				CLANG_CXX_LANGUAGE_STANDARD = "gnu++14";
				CLANG_CXX_LIBRARY = "libc++";
				CLANG_ENABLE_MODULES = YES;
				CLANG_ENABLE_OBJC_ARC = YES;
				CLANG_ENABLE_OBJC_WEAK = YES;
				CLANG_WARN_BLOCK_CAPTURE_AUTORELEASING = YES;
				CLANG_WARN_BOOL_CONVERSION = YES;
				CLANG_WARN_COMMA = YES;
				CLANG_WARN_CONSTANT_CONVERSION = YES;
				CLANG_WARN_DEPRECATED_OBJC_IMPLEMENTATIONS = YES;
				CLANG_WARN_DIRECT_OBJC_ISA_USAGE = YES_ERROR;
				CLANG_WARN_DOCUMENTATION_COMMENTS = YES;
				CLANG_WARN_EMPTY_BODY = YES;
				CLANG_WARN_ENUM_CONVERSION = YES;
				CLANG_WARN_INFINITE_RECURSION = YES;
				CLANG_WARN_INT_CONVERSION = YES;
				CLANG_WARN_NON_LITERAL_NULL_CONVERSION = YES;
				CLANG_WARN_OBJC_IMPLICIT_RETAIN_SELF = YES;
				CLANG_WARN_OBJC_LITERAL_CONVERSION = YES;
				CLANG_WARN_OBJC_ROOT_CLASS = YES_ERROR;
				CLANG_WARN_QUOTED_INCLUDE_IN_FRAMEWORK_HEADER = YES;
				CLANG_WARN_RANGE_LOOP_ANALYSIS = YES;
				CLANG_WARN_STRICT_PROTOTYPES = YES;
				CLANG_WARN_SUSPICIOUS_MOVE = YES;
				CLANG_WARN_UNGUARDED_AVAILABILITY = YES_AGGRESSIVE;
				CLANG_WARN_UNREACHABLE_CODE = YES;
				CLANG_WARN__DUPLICATE_METHOD_MATCH = YES;
				COPY_PHASE_STRIP = NO;
				DEBUG_INFORMATION_FORMAT = dwarf;
				ENABLE_STRICT_OBJC_MSGSEND = YES;
				ENABLE_TESTABILITY = YES;
				GCC_C_LANGUAGE_STANDARD = gnu11;
				GCC_DYNAMIC_NO_PIC = NO;
				GCC_NO_COMMON_BLOCKS = YES;
				GCC_OPTIMIZATION_LEVEL = 0;
				GCC_PREPROCESSOR_DEFINITIONS = (
					"DEBUG=1",
					"$(inherited)",
				);
				GCC_WARN_64_TO_32_BIT_CONVERSION = YES;
				GCC_WARN_ABOUT_RETURN_TYPE = YES_ERROR;
				GCC_WARN_UNDECLARED_SELECTOR = YES;
				GCC_WARN_UNINITIALIZED_AUTOS = YES_AGGRESSIVE;
				GCC_WARN_UNUSED_FUNCTION = YES;
				GCC_WARN_UNUSED_VARIABLE = YES;
				IPHONEOS_DEPLOYMENT_TARGET = 14.0;
				MTL_ENABLE_DEBUG_INFO = INCLUDE_SOURCE;
				MTL_FAST_MATH = YES;
				ONLY_ACTIVE_ARCH = YES;
				SDKROOT = iphoneos;
				SWIFT_ACTIVE_COMPILATION_CONDITIONS = DEBUG;
				SWIFT_OPTIMIZATION_LEVEL = "-Onone";
			};
			name = Debug;
		};
		8EC0E1C025CCCA4E004E81C2 /* Release */ = {
			isa = XCBuildConfiguration;
			buildSettings = {
				ALWAYS_SEARCH_USER_PATHS = NO;
				CLANG_ANALYZER_NONNULL = YES;
				CLANG_ANALYZER_NUMBER_OBJECT_CONVERSION = YES_AGGRESSIVE;
				CLANG_CXX_LANGUAGE_STANDARD = "gnu++14";
				CLANG_CXX_LIBRARY = "libc++";
				CLANG_ENABLE_MODULES = YES;
				CLANG_ENABLE_OBJC_ARC = YES;
				CLANG_ENABLE_OBJC_WEAK = YES;
				CLANG_WARN_BLOCK_CAPTURE_AUTORELEASING = YES;
				CLANG_WARN_BOOL_CONVERSION = YES;
				CLANG_WARN_COMMA = YES;
				CLANG_WARN_CONSTANT_CONVERSION = YES;
				CLANG_WARN_DEPRECATED_OBJC_IMPLEMENTATIONS = YES;
				CLANG_WARN_DIRECT_OBJC_ISA_USAGE = YES_ERROR;
				CLANG_WARN_DOCUMENTATION_COMMENTS = YES;
				CLANG_WARN_EMPTY_BODY = YES;
				CLANG_WARN_ENUM_CONVERSION = YES;
				CLANG_WARN_INFINITE_RECURSION = YES;
				CLANG_WARN_INT_CONVERSION = YES;
				CLANG_WARN_NON_LITERAL_NULL_CONVERSION = YES;
				CLANG_WARN_OBJC_IMPLICIT_RETAIN_SELF = YES;
				CLANG_WARN_OBJC_LITERAL_CONVERSION = YES;
				CLANG_WARN_OBJC_ROOT_CLASS = YES_ERROR;
				CLANG_WARN_QUOTED_INCLUDE_IN_FRAMEWORK_HEADER = YES;
				CLANG_WARN_RANGE_LOOP_ANALYSIS = YES;
				CLANG_WARN_STRICT_PROTOTYPES = YES;
				CLANG_WARN_SUSPICIOUS_MOVE = YES;
				CLANG_WARN_UNGUARDED_AVAILABILITY = YES_AGGRESSIVE;
				CLANG_WARN_UNREACHABLE_CODE = YES;
				CLANG_WARN__DUPLICATE_METHOD_MATCH = YES;
				COPY_PHASE_STRIP = NO;
				DEBUG_INFORMATION_FORMAT = "dwarf-with-dsym";
				ENABLE_NS_ASSERTIONS = NO;
				ENABLE_STRICT_OBJC_MSGSEND = YES;
				GCC_C_LANGUAGE_STANDARD = gnu11;
				GCC_NO_COMMON_BLOCKS = YES;
				GCC_WARN_64_TO_32_BIT_CONVERSION = YES;
				GCC_WARN_ABOUT_RETURN_TYPE = YES_ERROR;
				GCC_WARN_UNDECLARED_SELECTOR = YES;
				GCC_WARN_UNINITIALIZED_AUTOS = YES_AGGRESSIVE;
				GCC_WARN_UNUSED_FUNCTION = YES;
				GCC_WARN_UNUSED_VARIABLE = YES;
				IPHONEOS_DEPLOYMENT_TARGET = 14.0;
				MTL_ENABLE_DEBUG_INFO = NO;
				MTL_FAST_MATH = YES;
				SDKROOT = iphoneos;
				SWIFT_COMPILATION_MODE = wholemodule;
				SWIFT_OPTIMIZATION_LEVEL = "-O";
				VALIDATE_PRODUCT = YES;
			};
			name = Release;
		};
		8EC0E1C225CCCA4E004E81C2 /* Debug */ = {
			isa = XCBuildConfiguration;
			baseConfigurationReference = FB548C6AC9FF2054ED97374C /* Pods-church.debug.xcconfig */;
			buildSettings = {
				ASSETCATALOG_COMPILER_APPICON_NAME = AppIcon;
				ASSETCATALOG_COMPILER_GLOBAL_ACCENT_COLOR_NAME = AccentColor;
				CODE_SIGN_IDENTITY = "Apple Development";
				CODE_SIGN_STYLE = Automatic;
				DEVELOPMENT_ASSET_PATHS = "\"church/Preview Content\"";
				DEVELOPMENT_TEAM = 85SX35B74P;
				ENABLE_PREVIEWS = YES;
				INFOPLIST_FILE = church/Info.plist;
				IPHONEOS_DEPLOYMENT_TARGET = 14.0;
				LD_RUNPATH_SEARCH_PATHS = (
					"$(inherited)",
					"@executable_path/Frameworks",
				);
				PRODUCT_BUNDLE_IDENTIFIER = Reportrix.church;
				PRODUCT_NAME = "$(TARGET_NAME)";
				PROVISIONING_PROFILE_SPECIFIER = "";
				SWIFT_VERSION = 5.0;
				TARGETED_DEVICE_FAMILY = "1,2";
			};
			name = Debug;
		};
		8EC0E1C325CCCA4E004E81C2 /* Release */ = {
			isa = XCBuildConfiguration;
			baseConfigurationReference = 1E34D7CEC922DB08DEED01DF /* Pods-church.release.xcconfig */;
			buildSettings = {
				ASSETCATALOG_COMPILER_APPICON_NAME = AppIcon;
				ASSETCATALOG_COMPILER_GLOBAL_ACCENT_COLOR_NAME = AccentColor;
				CODE_SIGN_IDENTITY = "Apple Development";
				CODE_SIGN_STYLE = Automatic;
				DEVELOPMENT_ASSET_PATHS = "\"church/Preview Content\"";
				DEVELOPMENT_TEAM = 85SX35B74P;
				ENABLE_PREVIEWS = YES;
				INFOPLIST_FILE = church/Info.plist;
				IPHONEOS_DEPLOYMENT_TARGET = 14.0;
				LD_RUNPATH_SEARCH_PATHS = (
					"$(inherited)",
					"@executable_path/Frameworks",
				);
				PRODUCT_BUNDLE_IDENTIFIER = Reportrix.church;
				PRODUCT_NAME = "$(TARGET_NAME)";
				PROVISIONING_PROFILE_SPECIFIER = "";
				SWIFT_VERSION = 5.0;
				TARGETED_DEVICE_FAMILY = "1,2";
			};
			name = Release;
		};
/* End XCBuildConfiguration section */

/* Begin XCConfigurationList section */
		8EC0E1AD25CCCA4C004E81C2 /* Build configuration list for PBXProject "church" */ = {
			isa = XCConfigurationList;
			buildConfigurations = (
				8EC0E1BF25CCCA4E004E81C2 /* Debug */,
				8EC0E1C025CCCA4E004E81C2 /* Release */,
			);
			defaultConfigurationIsVisible = 0;
			defaultConfigurationName = Release;
		};
		8EC0E1C125CCCA4E004E81C2 /* Build configuration list for PBXNativeTarget "church" */ = {
			isa = XCConfigurationList;
			buildConfigurations = (
				8EC0E1C225CCCA4E004E81C2 /* Debug */,
				8EC0E1C325CCCA4E004E81C2 /* Release */,
			);
			defaultConfigurationIsVisible = 0;
			defaultConfigurationName = Release;
		};
/* End XCConfigurationList section */

/* Begin XCRemoteSwiftPackageReference section */
		8E8A1AC825D8B21B00A09762 /* XCRemoteSwiftPackageReference "SwiftUI-Introspect" */ = {
			isa = XCRemoteSwiftPackageReference;
			repositoryURL = "https://github.com/siteline/SwiftUI-Introspect.git";
			requirement = {
				kind = upToNextMajorVersion;
				minimumVersion = 0.1.2;
			};
		};
		8E8A1AD825DAF79300A09762 /* XCRemoteSwiftPackageReference "ChartView" */ = {
			isa = XCRemoteSwiftPackageReference;
			repositoryURL = "https://github.com/AppPear/ChartView";
			requirement = {
				kind = upToNextMajorVersion;
				minimumVersion = 1.5.4;
			};
		};
/* End XCRemoteSwiftPackageReference section */

/* Begin XCSwiftPackageProductDependency section */
		8E8A1AC925D8B21C00A09762 /* Introspect */ = {
			isa = XCSwiftPackageProductDependency;
			package = 8E8A1AC825D8B21B00A09762 /* XCRemoteSwiftPackageReference "SwiftUI-Introspect" */;
			productName = Introspect;
		};
		8E8A1AD925DAF79300A09762 /* SwiftUICharts */ = {
			isa = XCSwiftPackageProductDependency;
			package = 8E8A1AD825DAF79300A09762 /* XCRemoteSwiftPackageReference "ChartView" */;
			productName = SwiftUICharts;
		};
/* End XCSwiftPackageProductDependency section */
	};
	rootObject = 8EC0E1AA25CCCA4C004E81C2 /* Project object */;
}
